{
  "requires": true,
  "lockfileVersion": 1,
  "dependencies": {
    "react-hook-form": {
      "version": "6.15.5",
      "resolved": "https://registry.npmjs.org/react-hook-form/-/react-hook-form-6.15.5.tgz",
      "integrity": "sha512-so2jEPYKdVk1olMo+HQ9D9n1hVzaPPFO4wsjgSeZ964R7q7CHsYRbVF0PGBi83FcycA5482WHflasdwLIUVENg=="
    }
  }
}
